# THIS IS AN AUTOGENERATED FILE. DO NOT EDIT THIS FILE DIRECTLY.
# yarn lockfile v1


"@rehooks/component-size@1.0.2":
  version "1.0.2"
  resolved "https://registry.yarnpkg.com/@rehooks/component-size/-/component-size-1.0.2.tgz#b93d5f39bc9f47a6c0feb39690ae07156bc65863"
  integrity sha512-bjuKCFEIr1eDNvK/ET2SWl/xCKloywupJyfKQqZ6GaEKhnlCI2YV10rv9wTNrbSnzoHraktig9YYC0e69RowLA==
